PODS:
  - Spring (1.0.6)
  - ZendeskCommonUISDK (4.3.1):
    - ZendeskSDKConfigurationsSDK (~> 1.1.2)
  - ZendeskCoreSDK (2.2.3)
  - ZendeskMessagingAPISDK (3.3.0):
    - ZendeskSDKConfigurationsSDK (~> 1.1.2)
  - ZendeskMessagingSDK (3.3.0):
    - ZendeskCommonUISDK (~> 4.3.0)
    - ZendeskMessagingAPISDK (~> 3.3.0)
  - ZendeskSDKConfigurationsSDK (1.1.4)
  - ZendeskSupportProvidersSDK (5.0.2):
    - ZendeskCoreSDK (~> 2.2.1)
  - ZendeskSupportSDK (5.0.2):
    - ZendeskMessagingSDK (~> 3.3.0)
    - ZendeskSupportProvidersSDK (~> 5.0.0)

DEPENDENCIES:
  - Spring (from `https://github.com/MengTo/Spring.git`)
  - ZendeskSupportSDK

SPEC REPOS:
  trunk:
    - ZendeskCommonUISDK
    - ZendeskCoreSDK
    - ZendeskMessagingAPISDK
    - ZendeskMessagingSDK
    - ZendeskSDKConfigurationsSDK
    - ZendeskSupportProvidersSDK
    - ZendeskSupportSDK

EXTERNAL SOURCES:
  Spring:
    :git: https://github.com/MengTo/Spring.git

CHECKOUT OPTIONS:
  Spring:
    :commit: 50d92a5b9e08848387ae95bf44c6ad20834f7083
    :git: https://github.com/MengTo/Spring.git

SPEC CHECKSUMS:
  Spring: 3d113f14575ef79aec9c5f906dfa4f5001c03254
  ZendeskCommonUISDK: 65ae2c50925dee44c09f9678b385837e36316c25
  ZendeskCoreSDK: 5fa27aeb70392e8770e17c26bfe6c4c78b21975a
  ZendeskMessagingAPISDK: 6b351a74e941ec3ec9bfc25265d2009d490c8ec7
  ZendeskMessagingSDK: e9e03ea4ecc4bf7ada86321683441ae24056074b
  ZendeskSDKConfigurationsSDK: 0fe60a278b9b98e3fca2ee6c0785ff2e84ecc9c7
  ZendeskSupportProvidersSDK: 98bf9f86dade3c544d0ceb619e3869a2c4cf6276
  ZendeskSupportSDK: 16a0ea252d6bc8390d17a72385a4e2b42648bb67

PODFILE CHECKSUM: 68da610364a98294d701fd126aa933301621b21d

COCOAPODS: 1.9.1
