// !$*UTF8*$!
{
	archiveVersion = 1;
	classes = {
	};
	objectVersion = 51;
	objects = {

/* Begin PBXBuildFile section */
		185934FE245386B000F013D5 /* AppDelegate.swift in Sources */ = {isa = PBXBuildFile; fileRef = 185934FD245386B000F013D5 /* AppDelegate.swift */; };
		18593500245386B000F013D5 /* SceneDelegate.swift in Sources */ = {isa = PBXBuildFile; fileRef = 185934FF245386B000F013D5 /* SceneDelegate.swift */; };
		18593502245386B000F013D5 /* ViewController.swift in Sources */ = {isa = PBXBuildFile; fileRef = 18593501245386B000F013D5 /* ViewController.swift */; };
		18593505245386B000F013D5 /* Main.storyboard in Resources */ = {isa = PBXBuildFile; fileRef = 18593503245386B000F013D5 /* Main.storyboard */; };
		18593507245386B600F013D5 /* Assets.xcassets in Resources */ = {isa = PBXBuildFile; fileRef = 18593506245386B600F013D5 /* Assets.xcassets */; };
		1859350A245386B600F013D5 /* LaunchScreen.storyboard in Resources */ = {isa = PBXBuildFile; fileRef = 18593508245386B600F013D5 /* LaunchScreen.storyboard */; };
		1859351524538AD800F013D5 /* TicketsModel.swift in Sources */ = {isa = PBXBuildFile; fileRef = 1859351424538AD800F013D5 /* TicketsModel.swift */; };
		185935172454C33100F013D5 /* ticketsApi.swift in Sources */ = {isa = PBXBuildFile; fileRef = 185935162454C33100F013D5 /* ticketsApi.swift */; };
		187F47F4245644160066BEEC /* TicketsViewController.swift in Sources */ = {isa = PBXBuildFile; fileRef = 187F47F3245644160066BEEC /* TicketsViewController.swift */; };
		187F47F62456478C0066BEEC /* TicketsTableViewCell.swift in Sources */ = {isa = PBXBuildFile; fileRef = 187F47F52456478C0066BEEC /* TicketsTableViewCell.swift */; };
		187F47F82456847E0066BEEC /* AddViewController.swift in Sources */ = {isa = PBXBuildFile; fileRef = 187F47F72456847E0066BEEC /* AddViewController.swift */; };
		82922E1869DEEAC0685440D8 /* Pods_beerstasks.framework in Frameworks */ = {isa = PBXBuildFile; fileRef = 2AE8AEB275DE51844EA7CF4E /* Pods_beerstasks.framework */; };
/* End PBXBuildFile section */

/* Begin PBXFileReference section */
		10BD05A8C9F8CCE8338E70BC /* Pods-beerstasks.release.xcconfig */ = {isa = PBXFileReference; includeInIndex = 1; lastKnownFileType = text.xcconfig; name = "Pods-beerstasks.release.xcconfig"; path = "Target Support Files/Pods-beerstasks/Pods-beerstasks.release.xcconfig"; sourceTree = "<group>"; };
		185934FA245386B000F013D5 /* beerstasks.app */ = {isa = PBXFileReference; explicitFileType = wrapper.application; includeInIndex = 0; path = beerstasks.app; sourceTree = BUILT_PRODUCTS_DIR; };
		185934FD245386B000F013D5 /* AppDelegate.swift */ = {isa = PBXFileReference; lastKnownFileType = sourcecode.swift; path = AppDelegate.swift; sourceTree = "<group>"; };
		185934FF245386B000F013D5 /* SceneDelegate.swift */ = {isa = PBXFileReference; lastKnownFileType = sourcecode.swift; path = SceneDelegate.swift; sourceTree = "<group>"; };
		18593501245386B000F013D5 /* ViewController.swift */ = {isa = PBXFileReference; lastKnownFileType = sourcecode.swift; path = ViewController.swift; sourceTree = "<group>"; };
		18593504245386B000F013D5 /* Base */ = {isa = PBXFileReference; lastKnownFileType = file.storyboard; name = Base; path = Base.lproj/Main.storyboard; sourceTree = "<group>"; };
		18593506245386B600F013D5 /* Assets.xcassets */ = {isa = PBXFileReference; lastKnownFileType = folder.assetcatalog; path = Assets.xcassets; sourceTree = "<group>"; };
		18593509245386B600F013D5 /* Base */ = {isa = PBXFileReference; lastKnownFileType = file.storyboard; name = Base; path = Base.lproj/LaunchScreen.storyboard; sourceTree = "<group>"; };
		1859350B245386B600F013D5 /* Info.plist */ = {isa = PBXFileReference; lastKnownFileType = text.plist.xml; path = Info.plist; sourceTree = "<group>"; };
		1859351424538AD800F013D5 /* TicketsModel.swift */ = {isa = PBXFileReference; lastKnownFileType = sourcecode.swift; path = TicketsModel.swift; sourceTree = "<group>"; };
		185935162454C33100F013D5 /* ticketsApi.swift */ = {isa = PBXFileReference; lastKnownFileType = sourcecode.swift; path = ticketsApi.swift; sourceTree = "<group>"; };
		187F47F3245644160066BEEC /* TicketsViewController.swift */ = {isa = PBXFileReference; lastKnownFileType = sourcecode.swift; path = TicketsViewController.swift; sourceTree = "<group>"; };
		187F47F52456478C0066BEEC /* TicketsTableViewCell.swift */ = {isa = PBXFileReference; lastKnownFileType = sourcecode.swift; path = TicketsTableViewCell.swift; sourceTree = "<group>"; };
		187F47F72456847E0066BEEC /* AddViewController.swift */ = {isa = PBXFileReference; lastKnownFileType = sourcecode.swift; path = AddViewController.swift; sourceTree = "<group>"; };
		2AE8AEB275DE51844EA7CF4E /* Pods_beerstasks.framework */ = {isa = PBXFileReference; explicitFileType = wrapper.framework; includeInIndex = 0; path = Pods_beerstasks.framework; sourceTree = BUILT_PRODUCTS_DIR; };
		742120925ED5E6F06D55A932 /* Pods-beerstasks.debug.xcconfig */ = {isa = PBXFileReference; includeInIndex = 1; lastKnownFileType = text.xcconfig; name = "Pods-beerstasks.debug.xcconfig"; path = "Target Support Files/Pods-beerstasks/Pods-beerstasks.debug.xcconfig"; sourceTree = "<group>"; };
/* End PBXFileReference section */

/* Begin PBXFrameworksBuildPhase section */
		185934F7245386B000F013D5 /* Frameworks */ = {
			isa = PBXFrameworksBuildPhase;
			buildActionMask = 2147483647;
			files = (
				82922E1869DEEAC0685440D8 /* Pods_beerstasks.framework in Frameworks */,
			);
			runOnlyForDeploymentPostprocessing = 0;
		};
/* End PBXFrameworksBuildPhase section */

/* Begin PBXGroup section */
		185934F1245386B000F013D5 = {
			isa = PBXGroup;
			children = (
				185934FC245386B000F013D5 /* beerstasks */,
				185934FB245386B000F013D5 /* Products */,
				A05DCD42C9DF363A18A1F2BC /* Pods */,
				CEE80BC238781DEF58251195 /* Frameworks */,
			);
			sourceTree = "<group>";
		};
		185934FB245386B000F013D5 /* Products */ = {
			isa = PBXGroup;
			children = (
				185934FA245386B000F013D5 /* beerstasks.app */,
			);
			name = Products;
			sourceTree = "<group>";
		};
		185934FC245386B000F013D5 /* beerstasks */ = {
			isa = PBXGroup;
			children = (
				187F47EF2455E2120066BEEC /* supportFiles */,
				185935132453892500F013D5 /* Views */,
				185935122453891900F013D5 /* Models */,
				185935112453890900F013D5 /* Controllers */,
				18593506245386B600F013D5 /* Assets.xcassets */,
				1859350B245386B600F013D5 /* Info.plist */,
			);
			path = beerstasks;
			sourceTree = "<group>";
		};
		185935112453890900F013D5 /* Controllers */ = {
			isa = PBXGroup;
			children = (
				185935162454C33100F013D5 /* ticketsApi.swift */,
			);
			path = Controllers;
			sourceTree = "<group>";
		};
		185935122453891900F013D5 /* Models */ = {
			isa = PBXGroup;
			children = (
				1859351424538AD800F013D5 /* TicketsModel.swift */,
			);
			path = Models;
			sourceTree = "<group>";
		};
		185935132453892500F013D5 /* Views */ = {
			isa = PBXGroup;
			children = (
				18593503245386B000F013D5 /* Main.storyboard */,
				18593508245386B600F013D5 /* LaunchScreen.storyboard */,
				18593501245386B000F013D5 /* ViewController.swift */,
				187F47F3245644160066BEEC /* TicketsViewController.swift */,
				187F47F52456478C0066BEEC /* TicketsTableViewCell.swift */,
				187F47F72456847E0066BEEC /* AddViewController.swift */,
			);
			path = Views;
			sourceTree = "<group>";
		};
		187F47EF2455E2120066BEEC /* supportFiles */ = {
			isa = PBXGroup;
			children = (
				185934FD245386B000F013D5 /* AppDelegate.swift */,
				185934FF245386B000F013D5 /* SceneDelegate.swift */,
			);
			path = supportFiles;
			sourceTree = "<group>";
		};
		A05DCD42C9DF363A18A1F2BC /* Pods */ = {
			isa = PBXGroup;
			children = (
				742120925ED5E6F06D55A932 /* Pods-beerstasks.debug.xcconfig */,
				10BD05A8C9F8CCE8338E70BC /* Pods-beerstasks.release.xcconfig */,
			);
			path = Pods;
			sourceTree = "<group>";
		};
		CEE80BC238781DEF58251195 /* Frameworks */ = {
			isa = PBXGroup;
			children = (
				2AE8AEB275DE51844EA7CF4E /* Pods_beerstasks.framework */,
			);
			name = Frameworks;
			sourceTree = "<group>";
		};
/* End PBXGroup section */

/* Begin PBXNativeTarget section */
		185934F9245386B000F013D5 /* beerstasks */ = {
			isa = PBXNativeTarget;
			buildConfigurationList = 1859350E245386B600F013D5 /* Build configuration list for PBXNativeTarget "beerstasks" */;
			buildPhases = (
				75C350CDFDC2485AE582280C /* [CP] Check Pods Manifest.lock */,
				185934F6245386B000F013D5 /* Sources */,
				185934F7245386B000F013D5 /* Frameworks */,
				185934F8245386B000F013D5 /* Resources */,
				3164C4DC9944B0AE6948A8D9 /* [CP] Embed Pods Frameworks */,
			);
			buildRules = (
			);
			dependencies = (
			);
			name = beerstasks;
			productName = beerstasks;
			productReference = 185934FA245386B000F013D5 /* beerstasks.app */;
			productType = "com.apple.product-type.application";
		};
/* End PBXNativeTarget section */

/* Begin PBXProject section */
		185934F2245386B000F013D5 /* Project object */ = {
			isa = PBXProject;
			attributes = {
				LastSwiftUpdateCheck = 1130;
				LastUpgradeCheck = 1130;
				ORGANIZATIONNAME = "José Alves da Cunha";
				TargetAttributes = {
					185934F9245386B000F013D5 = {
						CreatedOnToolsVersion = 11.3.1;
					};
				};
			};
			buildConfigurationList = 185934F5245386B000F013D5 /* Build configuration list for PBXProject "beerstasks" */;
			compatibilityVersion = "Xcode 9.3";
			developmentRegion = en;
			hasScannedForEncodings = 0;
			knownRegions = (
				en,
				Base,
			);
			mainGroup = 185934F1245386B000F013D5;
			productRefGroup = 185934FB245386B000F013D5 /* Products */;
			projectDirPath = "";
			projectRoot = "";
			targets = (
				185934F9245386B000F013D5 /* beerstasks */,
			);
		};
/* End PBXProject section */

/* Begin PBXResourcesBuildPhase section */
		185934F8245386B000F013D5 /* Resources */ = {
			isa = PBXResourcesBuildPhase;
			buildActionMask = 2147483647;
			files = (
				1859350A245386B600F013D5 /* LaunchScreen.storyboard in Resources */,
				18593507245386B600F013D5 /* Assets.xcassets in Resources */,
				18593505245386B000F013D5 /* Main.storyboard in Resources */,
			);
			runOnlyForDeploymentPostprocessing = 0;
		};
/* End PBXResourcesBuildPhase section */

/* Begin PBXShellScriptBuildPhase section */
		3164C4DC9944B0AE6948A8D9 /* [CP] Embed Pods Frameworks */ = {
			isa = PBXShellScriptBuildPhase;
			buildActionMask = 2147483647;
			files = (
			);
			inputFileListPaths = (
				"${PODS_ROOT}/Target Support Files/Pods-beerstasks/Pods-beerstasks-frameworks-${CONFIGURATION}-input-files.xcfilelist",
			);
			name = "[CP] Embed Pods Frameworks";
			outputFileListPaths = (
				"${PODS_ROOT}/Target Support Files/Pods-beerstasks/Pods-beerstasks-frameworks-${CONFIGURATION}-output-files.xcfilelist",
			);
			runOnlyForDeploymentPostprocessing = 0;
			shellPath = /bin/sh;
			shellScript = "\"${PODS_ROOT}/Target Support Files/Pods-beerstasks/Pods-beerstasks-frameworks.sh\"\n";
			showEnvVarsInLog = 0;
		};
		75C350CDFDC2485AE582280C /* [CP] Check Pods Manifest.lock */ = {
			isa = PBXShellScriptBuildPhase;
			buildActionMask = 2147483647;
			files = (
			);
			inputFileListPaths = (
			);
			inputPaths = (
				"${PODS_PODFILE_DIR_PATH}/Podfile.lock",
				"${PODS_ROOT}/Manifest.lock",
			);
			name = "[CP] Check Pods Manifest.lock";
			outputFileListPaths = (
			);
			outputPaths = (
				"$(DERIVED_FILE_DIR)/Pods-beerstasks-checkManifestLockResult.txt",
			);
			runOnlyForDeploymentPostprocessing = 0;
			shellPath = /bin/sh;
			shellScript = "diff \"${PODS_PODFILE_DIR_PATH}/Podfile.lock\" \"${PODS_ROOT}/Manifest.lock\" > /dev/null\nif [ $? != 0 ] ; then\n    # print error to STDERR\n    echo \"error: The sandbox is not in sync with the Podfile.lock. Run 'pod install' or update your CocoaPods installation.\" >&2\n    exit 1\nfi\n# This output is used by Xcode 'outputs' to avoid re-running this script phase.\necho \"SUCCESS\" > \"${SCRIPT_OUTPUT_FILE_0}\"\n";
			showEnvVarsInLog = 0;
		};
/* End PBXShellScriptBuildPhase section */

/* Begin PBXSourcesBuildPhase section */
		185934F6245386B000F013D5 /* Sources */ = {
			isa = PBXSourcesBuildPhase;
			buildActionMask = 2147483647;
			files = (
				18593502245386B000F013D5 /* ViewController.swift in Sources */,
				185934FE245386B000F013D5 /* AppDelegate.swift in Sources */,
				187F47F82456847E0066BEEC /* AddViewController.swift in Sources */,
				1859351524538AD800F013D5 /* TicketsModel.swift in Sources */,
				18593500245386B000F013D5 /* SceneDelegate.swift in Sources */,
				187F47F62456478C0066BEEC /* TicketsTableViewCell.swift in Sources */,
				187F47F4245644160066BEEC /* TicketsViewController.swift in Sources */,
				185935172454C33100F013D5 /* ticketsApi.swift in Sources */,
			);
			runOnlyForDeploymentPostprocessing = 0;
		};
/* End PBXSourcesBuildPhase section */

/* Begin PBXVariantGroup section */
		18593503245386B000F013D5 /* Main.storyboard */ = {
			isa = PBXVariantGroup;
			children = (
				18593504245386B000F013D5 /* Base */,
			);
			name = Main.storyboard;
			sourceTree = "<group>";
		};
		18593508245386B600F013D5 /* LaunchScreen.storyboard */ = {
			isa = PBXVariantGroup;
			children = (
				18593509245386B600F013D5 /* Base */,
			);
			name = LaunchScreen.storyboard;
			sourceTree = "<group>";
		};
/* End PBXVariantGroup section */

/* Begin XCBuildConfiguration section */
		1859350C245386B600F013D5 /* Debug */ = {
			isa = XCBuildConfiguration;
			buildSettings = {
				ALWAYS_SEARCH_USER_PATHS = NO;
				CLANG_ANALYZER_NONNULL = YES;
				CLANG_ANALYZER_NUMBER_OBJECT_CONVERSION = YES_AGGRESSIVE;
				CLANG_CXX_LANGUAGE_STANDARD = "gnu++14";
				CLANG_CXX_LIBRARY = "libc++";
				CLANG_ENABLE_MODULES = YES;
				CLANG_ENABLE_OBJC_ARC = YES;
				CLANG_ENABLE_OBJC_WEAK = YES;
				CLANG_WARN_BLOCK_CAPTURE_AUTORELEASING = YES;
				CLANG_WARN_BOOL_CONVERSION = YES;
				CLANG_WARN_COMMA = YES;
				CLANG_WARN_CONSTANT_CONVERSION = YES;
				CLANG_WARN_DEPRECATED_OBJC_IMPLEMENTATIONS = YES;
				CLANG_WARN_DIRECT_OBJC_ISA_USAGE = YES_ERROR;
				CLANG_WARN_DOCUMENTATION_COMMENTS = YES;
				CLANG_WARN_EMPTY_BODY = YES;
				CLANG_WARN_ENUM_CONVERSION = YES;
				CLANG_WARN_INFINITE_RECURSION = YES;
				CLANG_WARN_INT_CONVERSION = YES;
				CLANG_WARN_NON_LITERAL_NULL_CONVERSION = YES;
				CLANG_WARN_OBJC_IMPLICIT_RETAIN_SELF = YES;
				CLANG_WARN_OBJC_LITERAL_CONVERSION = YES;
				CLANG_WARN_OBJC_ROOT_CLASS = YES_ERROR;
				CLANG_WARN_RANGE_LOOP_ANALYSIS = YES;
				CLANG_WARN_STRICT_PROTOTYPES = YES;
				CLANG_WARN_SUSPICIOUS_MOVE = YES;
				CLANG_WARN_UNGUARDED_AVAILABILITY = YES_AGGRESSIVE;
				CLANG_WARN_UNREACHABLE_CODE = YES;
				CLANG_WARN__DUPLICATE_METHOD_MATCH = YES;
				COPY_PHASE_STRIP = NO;
				DEBUG_INFORMATION_FORMAT = dwarf;
				ENABLE_STRICT_OBJC_MSGSEND = YES;
				ENABLE_TESTABILITY = YES;
				GCC_C_LANGUAGE_STANDARD = gnu11;
				GCC_DYNAMIC_NO_PIC = NO;
				GCC_NO_COMMON_BLOCKS = YES;
				GCC_OPTIMIZATION_LEVEL = 0;
				GCC_PREPROCESSOR_DEFINITIONS = (
					"DEBUG=1",
					"$(inherited)",
				);
				GCC_WARN_64_TO_32_BIT_CONVERSION = YES;
				GCC_WARN_ABOUT_RETURN_TYPE = YES_ERROR;
				GCC_WARN_UNDECLARED_SELECTOR = YES;
				GCC_WARN_UNINITIALIZED_AUTOS = YES_AGGRESSIVE;
				GCC_WARN_UNUSED_FUNCTION = YES;
				GCC_WARN_UNUSED_VARIABLE = YES;
				IPHONEOS_DEPLOYMENT_TARGET = 13.2;
				MTL_ENABLE_DEBUG_INFO = INCLUDE_SOURCE;
				MTL_FAST_MATH = YES;
				ONLY_ACTIVE_ARCH = YES;
				SDKROOT = iphoneos;
				SWIFT_ACTIVE_COMPILATION_CONDITIONS = DEBUG;
				SWIFT_OPTIMIZATION_LEVEL = "-Onone";
			};
			name = Debug;
		};
		1859350D245386B600F013D5 /* Release */ = {
			isa = XCBuildConfiguration;
			buildSettings = {
				ALWAYS_SEARCH_USER_PATHS = NO;
				CLANG_ANALYZER_NONNULL = YES;
				CLANG_ANALYZER_NUMBER_OBJECT_CONVERSION = YES_AGGRESSIVE;
				CLANG_CXX_LANGUAGE_STANDARD = "gnu++14";
				CLANG_CXX_LIBRARY = "libc++";
				CLANG_ENABLE_MODULES = YES;
				CLANG_ENABLE_OBJC_ARC = YES;
				CLANG_ENABLE_OBJC_WEAK = YES;
				CLANG_WARN_BLOCK_CAPTURE_AUTORELEASING = YES;
				CLANG_WARN_BOOL_CONVERSION = YES;
				CLANG_WARN_COMMA = YES;
				CLANG_WARN_CONSTANT_CONVERSION = YES;
				CLANG_WARN_DEPRECATED_OBJC_IMPLEMENTATIONS = YES;
				CLANG_WARN_DIRECT_OBJC_ISA_USAGE = YES_ERROR;
				CLANG_WARN_DOCUMENTATION_COMMENTS = YES;
				CLANG_WARN_EMPTY_BODY = YES;
				CLANG_WARN_ENUM_CONVERSION = YES;
				CLANG_WARN_INFINITE_RECURSION = YES;
				CLANG_WARN_INT_CONVERSION = YES;
				CLANG_WARN_NON_LITERAL_NULL_CONVERSION = YES;
				CLANG_WARN_OBJC_IMPLICIT_RETAIN_SELF = YES;
				CLANG_WARN_OBJC_LITERAL_CONVERSION = YES;
				CLANG_WARN_OBJC_ROOT_CLASS = YES_ERROR;
				CLANG_WARN_RANGE_LOOP_ANALYSIS = YES;
				CLANG_WARN_STRICT_PROTOTYPES = YES;
				CLANG_WARN_SUSPICIOUS_MOVE = YES;
				CLANG_WARN_UNGUARDED_AVAILABILITY = YES_AGGRESSIVE;
				CLANG_WARN_UNREACHABLE_CODE = YES;
				CLANG_WARN__DUPLICATE_METHOD_MATCH = YES;
				COPY_PHASE_STRIP = NO;
				DEBUG_INFORMATION_FORMAT = "dwarf-with-dsym";
				ENABLE_NS_ASSERTIONS = NO;
				ENABLE_STRICT_OBJC_MSGSEND = YES;
				GCC_C_LANGUAGE_STANDARD = gnu11;
				GCC_NO_COMMON_BLOCKS = YES;
				GCC_WARN_64_TO_32_BIT_CONVERSION = YES;
				GCC_WARN_ABOUT_RETURN_TYPE = YES_ERROR;
				GCC_WARN_UNDECLARED_SELECTOR = YES;
				GCC_WARN_UNINITIALIZED_AUTOS = YES_AGGRESSIVE;
				GCC_WARN_UNUSED_FUNCTION = YES;
				GCC_WARN_UNUSED_VARIABLE = YES;
				IPHONEOS_DEPLOYMENT_TARGET = 13.2;
				MTL_ENABLE_DEBUG_INFO = NO;
				MTL_FAST_MATH = YES;
				SDKROOT = iphoneos;
				SWIFT_COMPILATION_MODE = wholemodule;
				SWIFT_OPTIMIZATION_LEVEL = "-O";
				VALIDATE_PRODUCT = YES;
			};
			name = Release;
		};
		1859350F245386B600F013D5 /* Debug */ = {
			isa = XCBuildConfiguration;
			baseConfigurationReference = 742120925ED5E6F06D55A932 /* Pods-beerstasks.debug.xcconfig */;
			buildSettings = {
				ASSETCATALOG_COMPILER_APPICON_NAME = AppIcon;
				CODE_SIGN_STYLE = Automatic;
				INFOPLIST_FILE = beerstasks/Info.plist;
				LD_RUNPATH_SEARCH_PATHS = (
					"$(inherited)",
					"@executable_path/Frameworks",
				);
				PRODUCT_BUNDLE_IDENTIFIER = com.guicunha.beerstasks.beerstasks;
				PRODUCT_NAME = "$(TARGET_NAME)";
				SWIFT_VERSION = 5.0;
				TARGETED_DEVICE_FAMILY = "1,2";
			};
			name = Debug;
		};
		18593510245386B600F013D5 /* Release */ = {
			isa = XCBuildConfiguration;
			baseConfigurationReference = 10BD05A8C9F8CCE8338E70BC /* Pods-beerstasks.release.xcconfig */;
			buildSettings = {
				ASSETCATALOG_COMPILER_APPICON_NAME = AppIcon;
				CODE_SIGN_STYLE = Automatic;
				INFOPLIST_FILE = beerstasks/Info.plist;
				LD_RUNPATH_SEARCH_PATHS = (
					"$(inherited)",
					"@executable_path/Frameworks",
				);
				PRODUCT_BUNDLE_IDENTIFIER = com.guicunha.beerstasks.beerstasks;
				PRODUCT_NAME = "$(TARGET_NAME)";
				SWIFT_VERSION = 5.0;
				TARGETED_DEVICE_FAMILY = "1,2";
			};
			name = Release;
		};
/* End XCBuildConfiguration section */

/* Begin XCConfigurationList section */
		185934F5245386B000F013D5 /* Build configuration list for PBXProject "beerstasks" */ = {
			isa = XCConfigurationList;
			buildConfigurations = (
				1859350C245386B600F013D5 /* Debug */,
				1859350D245386B600F013D5 /* Release */,
			);
			defaultConfigurationIsVisible = 0;
			defaultConfigurationName = Release;
		};
		1859350E245386B600F013D5 /* Build configuration list for PBXNativeTarget "beerstasks" */ = {
			isa = XCConfigurationList;
			buildConfigurations = (
				1859350F245386B600F013D5 /* Debug */,
				18593510245386B600F013D5 /* Release */,
			);
			defaultConfigurationIsVisible = 0;
			defaultConfigurationName = Release;
		};
/* End XCConfigurationList section */
	};
	rootObject = 185934F2245386B000F013D5 /* Project object */;
}
